
Microsoft Visual Studio Solution File, Format Version 12.00
# Visual Studio 2013
VisualStudioVersion = 12.0.31101.0
MinimumVisualStudioVersion = 10.0.40219.1
Project("{8BC9CEB8-8B4A-11D0-8D11-00A0C91BC942}") = "Utility", "Utility\Utility.vcxproj", "{2FF351D1-12DD-4AAF-BC45-3F35194AD02C}"
EndProject
Project("{2150E333-8FDC-42A3-9474-1A3956D46DE8}") = "screen", "screen", "{C4A010DC-FD55-4CB2-BA54-A56862CFAAC2}"
EndProject
Project("{8BC9CEB8-8B4A-11D0-8D11-00A0C91BC942}") = "WindowScreen", "WindowScreen\WindowScreen.vcxproj", "{D05A6604-9E9D-4E25-B87D-128B6BA67226}"
	ProjectSection(ProjectDependencies) = postProject
		{D3AADF54-FD44-4B41-8E18-17056442B22A} = {D3AADF54-FD44-4B41-8E18-17056442B22A}
		{2FF351D1-12DD-4AAF-BC45-3F35194AD02C} = {2FF351D1-12DD-4AAF-BC45-3F35194AD02C}
	EndProjectSection
EndProject
Project("{8BC9CEB8-8B4A-11D0-8D11-00A0C91BC942}") = "CenterScreen", "CenterScreen\CenterScreen.vcxproj", "{0F1B7DCE-E15D-435A-92ED-359974A8A586}"
	ProjectSection(ProjectDependencies) = postProject
		{D3AADF54-FD44-4B41-8E18-17056442B22A} = {D3AADF54-FD44-4B41-8E18-17056442B22A}
		{2FF351D1-12DD-4AAF-BC45-3F35194AD02C} = {2FF351D1-12DD-4AAF-BC45-3F35194AD02C}
	EndProjectSection
EndProject
Project("{8BC9CEB8-8B4A-11D0-8D11-00A0C91BC942}") = "ScreenUtil", "ScreenUtil\ScreenUtil.vcxproj", "{D3AADF54-FD44-4B41-8E18-17056442B22A}"
	ProjectSection(ProjectDependencies) = postProject
		{2FF351D1-12DD-4AAF-BC45-3F35194AD02C} = {2FF351D1-12DD-4AAF-BC45-3F35194AD02C}
	EndProjectSection
EndProject
Project("{2150E333-8FDC-42A3-9474-1A3956D46DE8}") = "test", "test", "{0B441259-A066-46A1-85A1-64D46914A490}"
EndProject
Project("{8BC9CEB8-8B4A-11D0-8D11-00A0C91BC942}") = "test", "test\test.vcxproj", "{458C44EC-F233-4DAE-8D12-0EBB7B1F42E7}"
	ProjectSection(ProjectDependencies) = postProject
		{D05A6604-9E9D-4E25-B87D-128B6BA67226} = {D05A6604-9E9D-4E25-B87D-128B6BA67226}
	EndProjectSection
EndProject
Project("{8BC9CEB8-8B4A-11D0-8D11-00A0C91BC942}") = "CRDR", "CRDR\CRDR.vcxproj", "{28AE4956-6CB0-4E1D-B374-DAD1CA24EC86}"
	ProjectSection(ProjectDependencies) = postProject
		{2FF351D1-12DD-4AAF-BC45-3F35194AD02C} = {2FF351D1-12DD-4AAF-BC45-3F35194AD02C}
	EndProjectSection
EndProject
Project("{8BC9CEB8-8B4A-11D0-8D11-00A0C91BC942}") = "ICCR", "ICCR\ICCR.vcxproj", "{CD634B92-5EE0-41BD-AA36-70D5C38B8958}"
	ProjectSection(ProjectDependencies) = postProject
		{2FF351D1-12DD-4AAF-BC45-3F35194AD02C} = {2FF351D1-12DD-4AAF-BC45-3F35194AD02C}
	EndProjectSection
EndProject
Project("{8BC9CEB8-8B4A-11D0-8D11-00A0C91BC942}") = "PRNT", "PRNT\PRNT.vcxproj", "{E10CE099-719E-4807-A084-57F12F1969AE}"
	ProjectSection(ProjectDependencies) = postProject
		{846EC509-9967-40F7-8E54-39D6A7EC26F7} = {846EC509-9967-40F7-8E54-39D6A7EC26F7}
		{2FF351D1-12DD-4AAF-BC45-3F35194AD02C} = {2FF351D1-12DD-4AAF-BC45-3F35194AD02C}
	EndProjectSection
EndProject
Project("{8BC9CEB8-8B4A-11D0-8D11-00A0C91BC942}") = "VOIC", "VOIC\VOIC.vcxproj", "{B47E0167-B317-4EE6-8D28-95D45D81BFCA}"
	ProjectSection(ProjectDependencies) = postProject
		{2FF351D1-12DD-4AAF-BC45-3F35194AD02C} = {2FF351D1-12DD-4AAF-BC45-3F35194AD02C}
	EndProjectSection
EndProject
Project("{2150E333-8FDC-42A3-9474-1A3956D46DE8}") = "print", "print", "{C3E4F25F-DBAA-4325-B972-A14CF5BB21E4}"
EndProject
Project("{8BC9CEB8-8B4A-11D0-8D11-00A0C91BC942}") = "PrintExe", "PrintExe\PrintExe.vcxproj", "{846EC509-9967-40F7-8E54-39D6A7EC26F7}"
	ProjectSection(ProjectDependencies) = postProject
		{2FF351D1-12DD-4AAF-BC45-3F35194AD02C} = {2FF351D1-12DD-4AAF-BC45-3F35194AD02C}
	EndProjectSection
EndProject
Global
	GlobalSection(SolutionConfigurationPlatforms) = preSolution
		Debug|Win32 = Debug|Win32
		Release|Win32 = Release|Win32
	EndGlobalSection
	GlobalSection(ProjectConfigurationPlatforms) = postSolution
		{2FF351D1-12DD-4AAF-BC45-3F35194AD02C}.Debug|Win32.ActiveCfg = Debug|Win32
		{2FF351D1-12DD-4AAF-BC45-3F35194AD02C}.Debug|Win32.Build.0 = Debug|Win32
		{2FF351D1-12DD-4AAF-BC45-3F35194AD02C}.Release|Win32.ActiveCfg = Release|Win32
		{2FF351D1-12DD-4AAF-BC45-3F35194AD02C}.Release|Win32.Build.0 = Release|Win32
		{D05A6604-9E9D-4E25-B87D-128B6BA67226}.Debug|Win32.ActiveCfg = Debug|Win32
		{D05A6604-9E9D-4E25-B87D-128B6BA67226}.Debug|Win32.Build.0 = Debug|Win32
		{D05A6604-9E9D-4E25-B87D-128B6BA67226}.Release|Win32.ActiveCfg = Release|Win32
		{D05A6604-9E9D-4E25-B87D-128B6BA67226}.Release|Win32.Build.0 = Release|Win32
		{0F1B7DCE-E15D-435A-92ED-359974A8A586}.Debug|Win32.ActiveCfg = Debug|Win32
		{0F1B7DCE-E15D-435A-92ED-359974A8A586}.Debug|Win32.Build.0 = Debug|Win32
		{0F1B7DCE-E15D-435A-92ED-359974A8A586}.Release|Win32.ActiveCfg = Release|Win32
		{0F1B7DCE-E15D-435A-92ED-359974A8A586}.Release|Win32.Build.0 = Release|Win32
		{D3AADF54-FD44-4B41-8E18-17056442B22A}.Debug|Win32.ActiveCfg = Debug|Win32
		{D3AADF54-FD44-4B41-8E18-17056442B22A}.Debug|Win32.Build.0 = Debug|Win32
		{D3AADF54-FD44-4B41-8E18-17056442B22A}.Release|Win32.ActiveCfg = Release|Win32
		{D3AADF54-FD44-4B41-8E18-17056442B22A}.Release|Win32.Build.0 = Release|Win32
		{458C44EC-F233-4DAE-8D12-0EBB7B1F42E7}.Debug|Win32.ActiveCfg = Debug|Win32
		{458C44EC-F233-4DAE-8D12-0EBB7B1F42E7}.Debug|Win32.Build.0 = Debug|Win32
		{458C44EC-F233-4DAE-8D12-0EBB7B1F42E7}.Release|Win32.ActiveCfg = Release|Win32
		{458C44EC-F233-4DAE-8D12-0EBB7B1F42E7}.Release|Win32.Build.0 = Release|Win32
		{28AE4956-6CB0-4E1D-B374-DAD1CA24EC86}.Debug|Win32.ActiveCfg = Debug|Win32
		{28AE4956-6CB0-4E1D-B374-DAD1CA24EC86}.Debug|Win32.Build.0 = Debug|Win32
		{28AE4956-6CB0-4E1D-B374-DAD1CA24EC86}.Release|Win32.ActiveCfg = Release|Win32
		{28AE4956-6CB0-4E1D-B374-DAD1CA24EC86}.Release|Win32.Build.0 = Release|Win32
		{CD634B92-5EE0-41BD-AA36-70D5C38B8958}.Debug|Win32.ActiveCfg = Debug|Win32
		{CD634B92-5EE0-41BD-AA36-70D5C38B8958}.Debug|Win32.Build.0 = Debug|Win32
		{CD634B92-5EE0-41BD-AA36-70D5C38B8958}.Release|Win32.ActiveCfg = Release|Win32
		{CD634B92-5EE0-41BD-AA36-70D5C38B8958}.Release|Win32.Build.0 = Release|Win32
		{E10CE099-719E-4807-A084-57F12F1969AE}.Debug|Win32.ActiveCfg = Debug|Win32
		{E10CE099-719E-4807-A084-57F12F1969AE}.Debug|Win32.Build.0 = Debug|Win32
		{E10CE099-719E-4807-A084-57F12F1969AE}.Release|Win32.ActiveCfg = Release|Win32
		{E10CE099-719E-4807-A084-57F12F1969AE}.Release|Win32.Build.0 = Release|Win32
		{B47E0167-B317-4EE6-8D28-95D45D81BFCA}.Debug|Win32.ActiveCfg = Debug|Win32
		{B47E0167-B317-4EE6-8D28-95D45D81BFCA}.Debug|Win32.Build.0 = Debug|Win32
		{B47E0167-B317-4EE6-8D28-95D45D81BFCA}.Release|Win32.ActiveCfg = Release|Win32
		{B47E0167-B317-4EE6-8D28-95D45D81BFCA}.Release|Win32.Build.0 = Release|Win32
		{846EC509-9967-40F7-8E54-39D6A7EC26F7}.Debug|Win32.ActiveCfg = Debug|Win32
		{846EC509-9967-40F7-8E54-39D6A7EC26F7}.Debug|Win32.Build.0 = Debug|Win32
		{846EC509-9967-40F7-8E54-39D6A7EC26F7}.Release|Win32.ActiveCfg = Release|Win32
		{846EC509-9967-40F7-8E54-39D6A7EC26F7}.Release|Win32.Build.0 = Release|Win32
	EndGlobalSection
	GlobalSection(SolutionProperties) = preSolution
		HideSolutionNode = FALSE
	EndGlobalSection
	GlobalSection(NestedProjects) = preSolution
		{D05A6604-9E9D-4E25-B87D-128B6BA67226} = {C4A010DC-FD55-4CB2-BA54-A56862CFAAC2}
		{0F1B7DCE-E15D-435A-92ED-359974A8A586} = {C4A010DC-FD55-4CB2-BA54-A56862CFAAC2}
		{D3AADF54-FD44-4B41-8E18-17056442B22A} = {C4A010DC-FD55-4CB2-BA54-A56862CFAAC2}
		{458C44EC-F233-4DAE-8D12-0EBB7B1F42E7} = {0B441259-A066-46A1-85A1-64D46914A490}
		{E10CE099-719E-4807-A084-57F12F1969AE} = {C3E4F25F-DBAA-4325-B972-A14CF5BB21E4}
		{846EC509-9967-40F7-8E54-39D6A7EC26F7} = {C3E4F25F-DBAA-4325-B972-A14CF5BB21E4}
	EndGlobalSection
EndGlobal
